
Microsoft Visual Studio Solution File, Format Version 12.00
# Visual Studio 15
VisualStudioVersion = 15.0.28307.329
MinimumVisualStudioVersion = 10.0.40219.1
Project("{FAE04EC0-301F-11D3-BF4B-00C04F79EFBC}") = "DashboardNXT", "DashboardNXT\DashboardNXT.csproj", "{EA2A05CA-B298-48D8-9BB4-4C2317C0AFB4}"
EndProject
Project("{FAE04EC0-301F-11D3-BF4B-00C04F79EFBC}") = "MyDashboard", "MyDashboard\MyDashboard.csproj", "{49D3ED37-565F-4D52-AA85-DDD007F6F6C8}"
EndProject
Global
	GlobalSection(SolutionConfigurationPlatforms) = preSolution
		Debug|Any CPU = Debug|Any CPU
		Release|Any CPU = Release|Any CPU
	EndGlobalSection
	GlobalSection(ProjectConfigurationPlatforms) = postSolution
		{EA2A05CA-B298-48D8-9BB4-4C2317C0AFB4}.Debug|Any CPU.ActiveCfg = Debug|Any CPU
		{EA2A05CA-B298-48D8-9BB4-4C2317C0AFB4}.Debug|Any CPU.Build.0 = Debug|Any CPU
		{EA2A05CA-B298-48D8-9BB4-4C2317C0AFB4}.Release|Any CPU.ActiveCfg = Release|Any CPU
		{EA2A05CA-B298-48D8-9BB4-4C2317C0AFB4}.Release|Any CPU.Build.0 = Release|Any CPU
		{49D3ED37-565F-4D52-AA85-DDD007F6F6C8}.Debug|Any CPU.ActiveCfg = Debug|Any CPU
		{49D3ED37-565F-4D52-AA85-DDD007F6F6C8}.Debug|Any CPU.Build.0 = Debug|Any CPU
		{49D3ED37-565F-4D52-AA85-DDD007F6F6C8}.Release|Any CPU.ActiveCfg = Release|Any CPU
		{49D3ED37-565F-4D52-AA85-DDD007F6F6C8}.Release|Any CPU.Build.0 = Release|Any CPU
	EndGlobalSection
	GlobalSection(SolutionProperties) = preSolution
		HideSolutionNode = FALSE
	EndGlobalSection
	GlobalSection(ExtensibilityGlobals) = postSolution
		SolutionGuid = {E1DDEA05-1AF1-413A-9870-106617DDBCEA}
	EndGlobalSection
EndGlobal
